
Microsoft Visual Studio Solution File, Format Version 12.00
# Visual Studio Version 16
VisualStudioVersion = 16.0.810.15
MinimumVisualStudioVersion = 10.0.40219.1
Project("{FAE04EC0-301F-11D3-BF4B-00C04F79EFBC}") = "Gemini.Net", "src\Gemini.Net.csproj", "{E1EBC806-E807-47D6-8745-BDCEEBA802BA}"
EndProject
Project("{FAE04EC0-301F-11D3-BF4B-00C04F79EFBC}") = "Gemini.Net.Tests", "tests\Gemini.Net.Tests.csproj", "{D7507340-72EF-4A6B-B185-53AF7915E6F6}"
EndProject
Global
	GlobalSection(SolutionConfigurationPlatforms) = preSolution
		Debug|Any CPU = Debug|Any CPU
		Release|Any CPU = Release|Any CPU
	EndGlobalSection
	GlobalSection(ProjectConfigurationPlatforms) = postSolution
		{E1EBC806-E807-47D6-8745-BDCEEBA802BA}.Debug|Any CPU.ActiveCfg = Debug|Any CPU
		{E1EBC806-E807-47D6-8745-BDCEEBA802BA}.Debug|Any CPU.Build.0 = Debug|Any CPU
		{E1EBC806-E807-47D6-8745-BDCEEBA802BA}.Release|Any CPU.ActiveCfg = Release|Any CPU
		{E1EBC806-E807-47D6-8745-BDCEEBA802BA}.Release|Any CPU.Build.0 = Release|Any CPU
		{D7507340-72EF-4A6B-B185-53AF7915E6F6}.Debug|Any CPU.ActiveCfg = Debug|Any CPU
		{D7507340-72EF-4A6B-B185-53AF7915E6F6}.Debug|Any CPU.Build.0 = Debug|Any CPU
		{D7507340-72EF-4A6B-B185-53AF7915E6F6}.Release|Any CPU.ActiveCfg = Release|Any CPU
		{D7507340-72EF-4A6B-B185-53AF7915E6F6}.Release|Any CPU.Build.0 = Release|Any CPU
	EndGlobalSection
	GlobalSection(SolutionProperties) = preSolution
		HideSolutionNode = FALSE
	EndGlobalSection
	GlobalSection(ExtensibilityGlobals) = postSolution
		SolutionGuid = {78E44923-6631-488C-9207-3406EFCE310F}
	EndGlobalSection
EndGlobal
